
Microsoft Visual Studio Solution File, Format Version 12.00
# Visual Studio 14
VisualStudioVersion = 14.0.25420.1
MinimumVisualStudioVersion = 10.0.40219.1
Project("{2150E333-8FDC-42A3-9474-1A3956D46DE8}") = "MWinNet.Main", "MWinNet.Main", "{64F03876-E546-4CA3-8DB0-2891BEE1137B}"
EndProject
Project("{2150E333-8FDC-42A3-9474-1A3956D46DE8}") = "MWinNet.AddIn", "MWinNet.AddIn", "{E88C5DCC-BC7B-4E25-BED4-E11D401C009C}"
EndProject
Project("{FAE04EC0-301F-11D3-BF4B-00C04F79EFBC}") = "MWinNet.Core", "bin\Plugins\MWinNet.Core\MWinNet.Core.csproj", "{030878CD-2F6D-4AC4-A3C7-353B4D96C467}"
EndProject
Project("{FAE04EC0-301F-11D3-BF4B-00C04F79EFBC}") = "MWinNet.StartUp", "bin\Plugins\MWinNet.StartUp\MWinNet.StartUp.csproj", "{9E23EB5A-3F44-4481-8C51-9425A25EC8F6}"
EndProject
Project("{FAE04EC0-301F-11D3-BF4B-00C04F79EFBC}") = "MWinNet.Frame", "bin\Plugins\MWinNet.Frame\MWinNet.Frame.csproj", "{60705ED7-A5FC-49BE-87A9-918B11A1C33F}"
EndProject
Project("{FAE04EC0-301F-11D3-BF4B-00C04F79EFBC}") = "MWinNet.Frame.UI", "bin\Plugins\MWinNet.Frame.UI\MWinNet.Frame.UI.csproj", "{A06F273D-ABFB-4ADD-9CB0-74F0D701B4FC}"
EndProject
Project("{FAE04EC0-301F-11D3-BF4B-00C04F79EFBC}") = "MWinNet.Dock", "bin\Plugins\MWinNet.Dock\MWinNet.Dock.csproj", "{C75532C4-765B-418E-B09B-46D36B2ABDB1}"
EndProject
Global
	GlobalSection(SolutionConfigurationPlatforms) = preSolution
		Debug|Any CPU = Debug|Any CPU
		Release|Any CPU = Release|Any CPU
	EndGlobalSection
	GlobalSection(ProjectConfigurationPlatforms) = postSolution
		{030878CD-2F6D-4AC4-A3C7-353B4D96C467}.Debug|Any CPU.ActiveCfg = Debug|Any CPU
		{030878CD-2F6D-4AC4-A3C7-353B4D96C467}.Debug|Any CPU.Build.0 = Debug|Any CPU
		{030878CD-2F6D-4AC4-A3C7-353B4D96C467}.Release|Any CPU.ActiveCfg = Release|Any CPU
		{030878CD-2F6D-4AC4-A3C7-353B4D96C467}.Release|Any CPU.Build.0 = Release|Any CPU
		{9E23EB5A-3F44-4481-8C51-9425A25EC8F6}.Debug|Any CPU.ActiveCfg = Debug|Any CPU
		{9E23EB5A-3F44-4481-8C51-9425A25EC8F6}.Debug|Any CPU.Build.0 = Debug|Any CPU
		{9E23EB5A-3F44-4481-8C51-9425A25EC8F6}.Release|Any CPU.ActiveCfg = Release|Any CPU
		{9E23EB5A-3F44-4481-8C51-9425A25EC8F6}.Release|Any CPU.Build.0 = Release|Any CPU
		{60705ED7-A5FC-49BE-87A9-918B11A1C33F}.Debug|Any CPU.ActiveCfg = Debug|Any CPU
		{60705ED7-A5FC-49BE-87A9-918B11A1C33F}.Debug|Any CPU.Build.0 = Debug|Any CPU
		{60705ED7-A5FC-49BE-87A9-918B11A1C33F}.Release|Any CPU.ActiveCfg = Release|Any CPU
		{60705ED7-A5FC-49BE-87A9-918B11A1C33F}.Release|Any CPU.Build.0 = Release|Any CPU
		{A06F273D-ABFB-4ADD-9CB0-74F0D701B4FC}.Debug|Any CPU.ActiveCfg = Debug|Any CPU
		{A06F273D-ABFB-4ADD-9CB0-74F0D701B4FC}.Debug|Any CPU.Build.0 = Debug|Any CPU
		{A06F273D-ABFB-4ADD-9CB0-74F0D701B4FC}.Release|Any CPU.ActiveCfg = Release|Any CPU
		{A06F273D-ABFB-4ADD-9CB0-74F0D701B4FC}.Release|Any CPU.Build.0 = Release|Any CPU
		{C75532C4-765B-418E-B09B-46D36B2ABDB1}.Debug|Any CPU.ActiveCfg = Debug|Any CPU
		{C75532C4-765B-418E-B09B-46D36B2ABDB1}.Debug|Any CPU.Build.0 = Debug|Any CPU
		{C75532C4-765B-418E-B09B-46D36B2ABDB1}.Release|Any CPU.ActiveCfg = Release|Any CPU
		{C75532C4-765B-418E-B09B-46D36B2ABDB1}.Release|Any CPU.Build.0 = Release|Any CPU
	EndGlobalSection
	GlobalSection(SolutionProperties) = preSolution
		HideSolutionNode = FALSE
	EndGlobalSection
	GlobalSection(NestedProjects) = preSolution
		{030878CD-2F6D-4AC4-A3C7-353B4D96C467} = {64F03876-E546-4CA3-8DB0-2891BEE1137B}
		{60705ED7-A5FC-49BE-87A9-918B11A1C33F} = {64F03876-E546-4CA3-8DB0-2891BEE1137B}
		{A06F273D-ABFB-4ADD-9CB0-74F0D701B4FC} = {64F03876-E546-4CA3-8DB0-2891BEE1137B}
		{C75532C4-765B-418E-B09B-46D36B2ABDB1} = {64F03876-E546-4CA3-8DB0-2891BEE1137B}
	EndGlobalSection
EndGlobal
